// !$*UTF8*$!
{
	archiveVersion = 1;
	classes = {
	};
	objectVersion = 46;
	objects = {

/* Begin PBXBuildFile section */
		180B265E1D780A90005B7DB8 /* plane1.png in Resources */ = {isa = PBXBuildFile; fileRef = 180B265D1D780A90005B7DB8 /* plane1.png */; };
		180B26611D78309C005B7DB8 /* ExplosionParticle.sks in Resources */ = {isa = PBXBuildFile; fileRef = 180B265F1D78309C005B7DB8 /* ExplosionParticle.sks */; };
		180B26621D78309C005B7DB8 /* spark.png in Resources */ = {isa = PBXBuildFile; fileRef = 180B26601D78309C005B7DB8 /* spark.png */; };
		1882044C1D76F2490090B3BF /* Utils.swift in Sources */ = {isa = PBXBuildFile; fileRef = 1882044B1D76F2490090B3BF /* Utils.swift */; };
		188C67FE1D7036CC008771B3 /* AppDelegate.swift in Sources */ = {isa = PBXBuildFile; fileRef = 188C67FD1D7036CC008771B3 /* AppDelegate.swift */; };
		188C68021D7036CC008771B3 /* GameScene.swift in Sources */ = {isa = PBXBuildFile; fileRef = 188C68011D7036CC008771B3 /* GameScene.swift */; };
		188C68041D7036CC008771B3 /* GameViewController.swift in Sources */ = {isa = PBXBuildFile; fileRef = 188C68031D7036CC008771B3 /* GameViewController.swift */; };
		188C68071D7036CC008771B3 /* Main.storyboard in Resources */ = {isa = PBXBuildFile; fileRef = 188C68051D7036CC008771B3 /* Main.storyboard */; };
		188C68091D7036CC008771B3 /* Assets.xcassets in Resources */ = {isa = PBXBuildFile; fileRef = 188C68081D7036CC008771B3 /* Assets.xcassets */; };
		188C680C1D7036CC008771B3 /* LaunchScreen.storyboard in Resources */ = {isa = PBXBuildFile; fileRef = 188C680A1D7036CC008771B3 /* LaunchScreen.storyboard */; };
		188C68331D726AFD008771B3 /* plane3.png in Resources */ = {isa = PBXBuildFile; fileRef = 188C68321D726AFD008771B3 /* plane3.png */; };
		188C68351D726C85008771B3 /* techkids-logo.png in Resources */ = {isa = PBXBuildFile; fileRef = 188C68341D726C85008771B3 /* techkids-logo.png */; };
		188C68371D726D58008771B3 /* 1945-logo.png in Resources */ = {isa = PBXBuildFile; fileRef = 188C68361D726D58008771B3 /* 1945-logo.png */; };
		188C68391D726F5C008771B3 /* background.png in Resources */ = {isa = PBXBuildFile; fileRef = 188C68381D726F5C008771B3 /* background.png */; };
		188C683B1D727600008771B3 /* bullet.png in Resources */ = {isa = PBXBuildFile; fileRef = 188C683A1D727600008771B3 /* bullet.png */; };
/* End PBXBuildFile section */

/* Begin PBXFileReference section */
		180B265D1D780A90005B7DB8 /* plane1.png */ = {isa = PBXFileReference; lastKnownFileType = image.png; path = plane1.png; sourceTree = "<group>"; };
		180B265F1D78309C005B7DB8 /* ExplosionParticle.sks */ = {isa = PBXFileReference; lastKnownFileType = file.sks; path = ExplosionParticle.sks; sourceTree = "<group>"; };
		180B26601D78309C005B7DB8 /* spark.png */ = {isa = PBXFileReference; lastKnownFileType = image.png; path = spark.png; sourceTree = "<group>"; };
		1882044B1D76F2490090B3BF /* Utils.swift */ = {isa = PBXFileReference; fileEncoding = 4; lastKnownFileType = sourcecode.swift; path = Utils.swift; sourceTree = "<group>"; };
		188C67FA1D7036CC008771B3 /* StudySpriteKit1.app */ = {isa = PBXFileReference; explicitFileType = wrapper.application; includeInIndex = 0; path = StudySpriteKit1.app; sourceTree = BUILT_PRODUCTS_DIR; };
		188C67FD1D7036CC008771B3 /* AppDelegate.swift */ = {isa = PBXFileReference; lastKnownFileType = sourcecode.swift; path = AppDelegate.swift; sourceTree = "<group>"; };
		188C68011D7036CC008771B3 /* GameScene.swift */ = {isa = PBXFileReference; lastKnownFileType = sourcecode.swift; path = GameScene.swift; sourceTree = "<group>"; };
		188C68031D7036CC008771B3 /* GameViewController.swift */ = {isa = PBXFileReference; lastKnownFileType = sourcecode.swift; path = GameViewController.swift; sourceTree = "<group>"; };
		188C68061D7036CC008771B3 /* Base */ = {isa = PBXFileReference; lastKnownFileType = file.storyboard; name = Base; path = Base.lproj/Main.storyboard; sourceTree = "<group>"; };
		188C68081D7036CC008771B3 /* Assets.xcassets */ = {isa = PBXFileReference; lastKnownFileType = folder.assetcatalog; path = Assets.xcassets; sourceTree = "<group>"; };
		188C680B1D7036CC008771B3 /* Base */ = {isa = PBXFileReference; lastKnownFileType = file.storyboard; name = Base; path = Base.lproj/LaunchScreen.storyboard; sourceTree = "<group>"; };
		188C680D1D7036CC008771B3 /* Info.plist */ = {isa = PBXFileReference; lastKnownFileType = text.plist.xml; path = Info.plist; sourceTree = "<group>"; };
		188C68321D726AFD008771B3 /* plane3.png */ = {isa = PBXFileReference; lastKnownFileType = image.png; path = plane3.png; sourceTree = "<group>"; };
		188C68341D726C85008771B3 /* techkids-logo.png */ = {isa = PBXFileReference; lastKnownFileType = image.png; path = "techkids-logo.png"; sourceTree = "<group>"; };
		188C68361D726D58008771B3 /* 1945-logo.png */ = {isa = PBXFileReference; lastKnownFileType = image.png; path = "1945-logo.png"; sourceTree = "<group>"; };
		188C68381D726F5C008771B3 /* background.png */ = {isa = PBXFileReference; lastKnownFileType = image.png; path = background.png; sourceTree = "<group>"; };
		188C683A1D727600008771B3 /* bullet.png */ = {isa = PBXFileReference; lastKnownFileType = image.png; path = bullet.png; sourceTree = "<group>"; };
/* End PBXFileReference section */

/* Begin PBXFrameworksBuildPhase section */
		188C67F71D7036CC008771B3 /* Frameworks */ = {
			isa = PBXFrameworksBuildPhase;
			buildActionMask = 2147483647;
			files = (
			);
			runOnlyForDeploymentPostprocessing = 0;
		};
/* End PBXFrameworksBuildPhase section */

/* Begin PBXGroup section */
		188C67F11D7036CC008771B3 = {
			isa = PBXGroup;
			children = (
				188C67FC1D7036CC008771B3 /* StudySpriteKit1 */,
				188C67FB1D7036CC008771B3 /* Products */,
			);
			sourceTree = "<group>";
		};
		188C67FB1D7036CC008771B3 /* Products */ = {
			isa = PBXGroup;
			children = (
				188C67FA1D7036CC008771B3 /* StudySpriteKit1.app */,
			);
			name = Products;
			sourceTree = "<group>";
		};
		188C67FC1D7036CC008771B3 /* StudySpriteKit1 */ = {
			isa = PBXGroup;
			children = (
				188C68311D7269C0008771B3 /* Images */,
				188C67FD1D7036CC008771B3 /* AppDelegate.swift */,
				188C68011D7036CC008771B3 /* GameScene.swift */,
				188C68031D7036CC008771B3 /* GameViewController.swift */,
				188C68051D7036CC008771B3 /* Main.storyboard */,
				188C68081D7036CC008771B3 /* Assets.xcassets */,
				188C680A1D7036CC008771B3 /* LaunchScreen.storyboard */,
				188C680D1D7036CC008771B3 /* Info.plist */,
				1882044B1D76F2490090B3BF /* Utils.swift */,
				180B265F1D78309C005B7DB8 /* ExplosionParticle.sks */,
				180B26601D78309C005B7DB8 /* spark.png */,
			);
			path = StudySpriteKit1;
			sourceTree = "<group>";
		};
		188C68311D7269C0008771B3 /* Images */ = {
			isa = PBXGroup;
			children = (
				188C683A1D727600008771B3 /* bullet.png */,
				188C68381D726F5C008771B3 /* background.png */,
				188C68321D726AFD008771B3 /* plane3.png */,
				180B265D1D780A90005B7DB8 /* plane1.png */,
				188C68341D726C85008771B3 /* techkids-logo.png */,
				188C68361D726D58008771B3 /* 1945-logo.png */,
			);
			name = Images;
			sourceTree = "<group>";
		};
/* End PBXGroup section */

/* Begin PBXNativeTarget section */
		188C67F91D7036CC008771B3 /* StudySpriteKit1 */ = {
			isa = PBXNativeTarget;
			buildConfigurationList = 188C68101D7036CC008771B3 /* Build configuration list for PBXNativeTarget "StudySpriteKit1" */;
			buildPhases = (
				188C67F61D7036CC008771B3 /* Sources */,
				188C67F71D7036CC008771B3 /* Frameworks */,
				188C67F81D7036CC008771B3 /* Resources */,
			);
			buildRules = (
			);
			dependencies = (
			);
			name = StudySpriteKit1;
			productName = StudySpriteKit1;
			productReference = 188C67FA1D7036CC008771B3 /* StudySpriteKit1.app */;
			productType = "com.apple.product-type.application";
		};
/* End PBXNativeTarget section */

/* Begin PBXProject section */
		188C67F21D7036CC008771B3 /* Project object */ = {
			isa = PBXProject;
			attributes = {
				LastSwiftUpdateCheck = 0730;
				LastUpgradeCheck = 0730;
				ORGANIZATIONNAME = TechKids;
				TargetAttributes = {
					188C67F91D7036CC008771B3 = {
						CreatedOnToolsVersion = 7.3.1;
						DevelopmentTeam = 3CJF6M3857;
					};
				};
			};
			buildConfigurationList = 188C67F51D7036CC008771B3 /* Build configuration list for PBXProject "StudySpriteKit1" */;
			compatibilityVersion = "Xcode 3.2";
			developmentRegion = English;
			hasScannedForEncodings = 0;
			knownRegions = (
				en,
				Base,
			);
			mainGroup = 188C67F11D7036CC008771B3;
			productRefGroup = 188C67FB1D7036CC008771B3 /* Products */;
			projectDirPath = "";
			projectRoot = "";
			targets = (
				188C67F91D7036CC008771B3 /* StudySpriteKit1 */,
			);
		};
/* End PBXProject section */

/* Begin PBXResourcesBuildPhase section */
		188C67F81D7036CC008771B3 /* Resources */ = {
			isa = PBXResourcesBuildPhase;
			buildActionMask = 2147483647;
			files = (
				180B26621D78309C005B7DB8 /* spark.png in Resources */,
				188C68331D726AFD008771B3 /* plane3.png in Resources */,
				180B265E1D780A90005B7DB8 /* plane1.png in Resources */,
				188C68371D726D58008771B3 /* 1945-logo.png in Resources */,
				188C68391D726F5C008771B3 /* background.png in Resources */,
				188C680C1D7036CC008771B3 /* LaunchScreen.storyboard in Resources */,
				188C68091D7036CC008771B3 /* Assets.xcassets in Resources */,
				188C683B1D727600008771B3 /* bullet.png in Resources */,
				180B26611D78309C005B7DB8 /* ExplosionParticle.sks in Resources */,
				188C68351D726C85008771B3 /* techkids-logo.png in Resources */,
				188C68071D7036CC008771B3 /* Main.storyboard in Resources */,
			);
			runOnlyForDeploymentPostprocessing = 0;
		};
/* End PBXResourcesBuildPhase section */

/* Begin PBXSourcesBuildPhase section */
		188C67F61D7036CC008771B3 /* Sources */ = {
			isa = PBXSourcesBuildPhase;
			buildActionMask = 2147483647;
			files = (
				188C68021D7036CC008771B3 /* GameScene.swift in Sources */,
				188C68041D7036CC008771B3 /* GameViewController.swift in Sources */,
				188C67FE1D7036CC008771B3 /* AppDelegate.swift in Sources */,
				1882044C1D76F2490090B3BF /* Utils.swift in Sources */,
			);
			runOnlyForDeploymentPostprocessing = 0;
		};
/* End PBXSourcesBuildPhase section */

/* Begin PBXVariantGroup section */
		188C68051D7036CC008771B3 /* Main.storyboard */ = {
			isa = PBXVariantGroup;
			children = (
				188C68061D7036CC008771B3 /* Base */,
			);
			name = Main.storyboard;
			sourceTree = "<group>";
		};
		188C680A1D7036CC008771B3 /* LaunchScreen.storyboard */ = {
			isa = PBXVariantGroup;
			children = (
				188C680B1D7036CC008771B3 /* Base */,
			);
			name = LaunchScreen.storyboard;
			sourceTree = "<group>";
		};
/* End PBXVariantGroup section */

/* Begin XCBuildConfiguration section */
		188C680E1D7036CC008771B3 /* Debug */ = {
			isa = XCBuildConfiguration;
			buildSettings = {
				ALWAYS_SEARCH_USER_PATHS = NO;
				CLANG_ANALYZER_NONNULL = YES;
				CLANG_CXX_LANGUAGE_STANDARD = "gnu++0x";
				CLANG_CXX_LIBRARY = "libc++";
				CLANG_ENABLE_MODULES = YES;
				CLANG_ENABLE_OBJC_ARC = YES;
				CLANG_WARN_BOOL_CONVERSION = YES;
				CLANG_WARN_CONSTANT_CONVERSION = YES;
				CLANG_WARN_DIRECT_OBJC_ISA_USAGE = YES_ERROR;
				CLANG_WARN_EMPTY_BODY = YES;
				CLANG_WARN_ENUM_CONVERSION = YES;
				CLANG_WARN_INT_CONVERSION = YES;
				CLANG_WARN_OBJC_ROOT_CLASS = YES_ERROR;
				CLANG_WARN_UNREACHABLE_CODE = YES;
				CLANG_WARN__DUPLICATE_METHOD_MATCH = YES;
				"CODE_SIGN_IDENTITY[sdk=iphoneos*]" = "iPhone Developer";
				COPY_PHASE_STRIP = NO;
				DEBUG_INFORMATION_FORMAT = "dwarf-with-dsym";
				ENABLE_STRICT_OBJC_MSGSEND = YES;
				ENABLE_TESTABILITY = YES;
				GCC_C_LANGUAGE_STANDARD = gnu99;
				GCC_DYNAMIC_NO_PIC = NO;
				GCC_NO_COMMON_BLOCKS = YES;
				GCC_OPTIMIZATION_LEVEL = 0;
				GCC_PREPROCESSOR_DEFINITIONS = (
					"DEBUG=1",
					"$(inherited)",
				);
				GCC_WARN_64_TO_32_BIT_CONVERSION = YES;
				GCC_WARN_ABOUT_RETURN_TYPE = YES_ERROR;
				GCC_WARN_UNDECLARED_SELECTOR = YES;
				GCC_WARN_UNINITIALIZED_AUTOS = YES_AGGRESSIVE;
				GCC_WARN_UNUSED_FUNCTION = YES;
				GCC_WARN_UNUSED_VARIABLE = YES;
				IPHONEOS_DEPLOYMENT_TARGET = 9.3;
				MTL_ENABLE_DEBUG_INFO = YES;
				ONLY_ACTIVE_ARCH = YES;
				SDKROOT = iphoneos;
				SWIFT_OPTIMIZATION_LEVEL = "-Onone";
				TARGETED_DEVICE_FAMILY = "1,2";
			};
			name = Debug;
		};
		188C680F1D7036CC008771B3 /* Release */ = {
			isa = XCBuildConfiguration;
			buildSettings = {
				ALWAYS_SEARCH_USER_PATHS = NO;
				CLANG_ANALYZER_NONNULL = YES;
				CLANG_CXX_LANGUAGE_STANDARD = "gnu++0x";
				CLANG_CXX_LIBRARY = "libc++";
				CLANG_ENABLE_MODULES = YES;
				CLANG_ENABLE_OBJC_ARC = YES;
				CLANG_WARN_BOOL_CONVERSION = YES;
				CLANG_WARN_CONSTANT_CONVERSION = YES;
				CLANG_WARN_DIRECT_OBJC_ISA_USAGE = YES_ERROR;
				CLANG_WARN_EMPTY_BODY = YES;
				CLANG_WARN_ENUM_CONVERSION = YES;
				CLANG_WARN_INT_CONVERSION = YES;
				CLANG_WARN_OBJC_ROOT_CLASS = YES_ERROR;
				CLANG_WARN_UNREACHABLE_CODE = YES;
				CLANG_WARN__DUPLICATE_METHOD_MATCH = YES;
				"CODE_SIGN_IDENTITY[sdk=iphoneos*]" = "iPhone Developer";
				COPY_PHASE_STRIP = NO;
				DEBUG_INFORMATION_FORMAT = "dwarf-with-dsym";
				ENABLE_NS_ASSERTIONS = NO;
				ENABLE_STRICT_OBJC_MSGSEND = YES;
				GCC_C_LANGUAGE_STANDARD = gnu99;
				GCC_NO_COMMON_BLOCKS = YES;
				GCC_WARN_64_TO_32_BIT_CONVERSION = YES;
				GCC_WARN_ABOUT_RETURN_TYPE = YES_ERROR;
				GCC_WARN_UNDECLARED_SELECTOR = YES;
				GCC_WARN_UNINITIALIZED_AUTOS = YES_AGGRESSIVE;
				GCC_WARN_UNUSED_FUNCTION = YES;
				GCC_WARN_UNUSED_VARIABLE = YES;
				IPHONEOS_DEPLOYMENT_TARGET = 9.3;
				MTL_ENABLE_DEBUG_INFO = NO;
				SDKROOT = iphoneos;
				TARGETED_DEVICE_FAMILY = "1,2";
				VALIDATE_PRODUCT = YES;
			};
			name = Release;
		};
		188C68111D7036CC008771B3 /* Debug */ = {
			isa = XCBuildConfiguration;
			buildSettings = {
				ASSETCATALOG_COMPILER_APPICON_NAME = AppIcon;
				CODE_SIGN_IDENTITY = "iPhone Developer";
				"CODE_SIGN_IDENTITY[sdk=iphoneos*]" = "iPhone Developer";
				INFOPLIST_FILE = StudySpriteKit1/Info.plist;
				LD_RUNPATH_SEARCH_PATHS = "$(inherited) @executable_path/Frameworks";
				PRODUCT_BUNDLE_IDENTIFIER = vn.techkids.StudySpriteKit1;
				PRODUCT_NAME = "$(TARGET_NAME)";
				PROVISIONING_PROFILE = "";
			};
			name = Debug;
		};
		188C68121D7036CC008771B3 /* Release */ = {
			isa = XCBuildConfiguration;
			buildSettings = {
				ASSETCATALOG_COMPILER_APPICON_NAME = AppIcon;
				CODE_SIGN_IDENTITY = "iPhone Developer";
				"CODE_SIGN_IDENTITY[sdk=iphoneos*]" = "iPhone Developer";
				INFOPLIST_FILE = StudySpriteKit1/Info.plist;
				LD_RUNPATH_SEARCH_PATHS = "$(inherited) @executable_path/Frameworks";
				PRODUCT_BUNDLE_IDENTIFIER = vn.techkids.StudySpriteKit1;
				PRODUCT_NAME = "$(TARGET_NAME)";
				PROVISIONING_PROFILE = "";
			};
			name = Release;
		};
/* End XCBuildConfiguration section */

/* Begin XCConfigurationList section */
		188C67F51D7036CC008771B3 /* Build configuration list for PBXProject "StudySpriteKit1" */ = {
			isa = XCConfigurationList;
			buildConfigurations = (
				188C680E1D7036CC008771B3 /* Debug */,
				188C680F1D7036CC008771B3 /* Release */,
			);
			defaultConfigurationIsVisible = 0;
			defaultConfigurationName = Release;
		};
		188C68101D7036CC008771B3 /* Build configuration list for PBXNativeTarget "StudySpriteKit1" */ = {
			isa = XCConfigurationList;
			buildConfigurations = (
				188C68111D7036CC008771B3 /* Debug */,
				188C68121D7036CC008771B3 /* Release */,
			);
			defaultConfigurationIsVisible = 0;
			defaultConfigurationName = Release;
		};
/* End XCConfigurationList section */
	};
	rootObject = 188C67F21D7036CC008771B3 /* Project object */;
}
